
Microsoft Visual Studio Solution File, Format Version 12.00
# Visual Studio Version 17
VisualStudioVersion = 17.9.34728.123
MinimumVisualStudioVersion = 10.0.40219.1
Project("{9A19103F-16F7-4668-BE54-9A1E7A4F7556}") = "PRAK10", "PRAK10\PRAK10.csproj", "{46FFFCC3-43B4-44CB-87CB-D6191FF83B09}"
EndProject
Project("{FAE04EC0-301F-11D3-BF4B-00C04F79EFBC}") = "ThemeLibrary2", "ThemeLibrary2\ThemeLibrary2.csproj", "{BD5483C8-45E0-41FF-AC6F-10A75523B247}"
EndProject
Global
	GlobalSection(SolutionConfigurationPlatforms) = preSolution
		Debug|Any CPU = Debug|Any CPU
		Release|Any CPU = Release|Any CPU
	EndGlobalSection
	GlobalSection(ProjectConfigurationPlatforms) = postSolution
		{46FFFCC3-43B4-44CB-87CB-D6191FF83B09}.Debug|Any CPU.ActiveCfg = Debug|Any CPU
		{46FFFCC3-43B4-44CB-87CB-D6191FF83B09}.Debug|Any CPU.Build.0 = Debug|Any CPU
		{46FFFCC3-43B4-44CB-87CB-D6191FF83B09}.Release|Any CPU.ActiveCfg = Release|Any CPU
		{46FFFCC3-43B4-44CB-87CB-D6191FF83B09}.Release|Any CPU.Build.0 = Release|Any CPU
		{BD5483C8-45E0-41FF-AC6F-10A75523B247}.Debug|Any CPU.ActiveCfg = Debug|Any CPU
		{BD5483C8-45E0-41FF-AC6F-10A75523B247}.Debug|Any CPU.Build.0 = Debug|Any CPU
		{BD5483C8-45E0-41FF-AC6F-10A75523B247}.Release|Any CPU.ActiveCfg = Release|Any CPU
		{BD5483C8-45E0-41FF-AC6F-10A75523B247}.Release|Any CPU.Build.0 = Release|Any CPU
	EndGlobalSection
	GlobalSection(SolutionProperties) = preSolution
		HideSolutionNode = FALSE
	EndGlobalSection
	GlobalSection(ExtensibilityGlobals) = postSolution
		SolutionGuid = {8F67FB2C-985E-4E06-86C5-FDA292CF1E1F}
	EndGlobalSection
EndGlobal
